<?xml version="1.0" encoding="utf-8"?>
<Project ToolsVersion="4.0" xmlns="http://schemas.microsoft.com/developer/msbuild/2003">
  <ItemGroup>
    <Filter Include="リソース ファイル">
      <UniqueIdentifier>{67DA6AB6-F800-4c08-8B7A-83BB121AAD01}</UniqueIdentifier>
      <Extensions>rc;ico;cur;bmp;dlg;rc2;rct;bin;rgs;gif;jpg;jpeg;jpe;resx;tiff;tif;png;wav;mfcribbon-ms</Extensions>
    </Filter>
    <Filter Include="asset">
      <UniqueIdentifier>{0eac954c-162a-4f20-9b72-05a3786fa334}</UniqueIdentifier>
    </Filter>
    <Filter Include="kamataEngine">
      <UniqueIdentifier>{a427707d-2872-45f1-b883-4b5f5091f490}</UniqueIdentifier>
    </Filter>
    <Filter Include="kamataEngine\ヘッダー ファイル">
      <UniqueIdentifier>{93995380-89BD-4b04-88EB-625FBE52EBFB}</UniqueIdentifier>
      <Extensions>h;hh;hpp;hxx;h++;hm;inl;inc;ipp;xsd</Extensions>
    </Filter>
    <Filter Include="kamataEngine\ヘッダー ファイル\3d">
      <UniqueIdentifier>{8ccef709-d514-43f7-ad35-629a9edd5057}</UniqueIdentifier>
    </Filter>
    <Filter Include="kamataEngine\ヘッダー ファイル\2d">
      <UniqueIdentifier>{96135050-efba-425e-a9fe-8881bd7caad8}</UniqueIdentifier>
    </Filter>
    <Filter Include="kamataEngine\ヘッダー ファイル\audo">
      <UniqueIdentifier>{3a0044cc-1b7d-4ed5-a1a6-9074ed1b1769}</UniqueIdentifier>
    </Filter>
    <Filter Include="kamataEngine\ヘッダー ファイル\base">
      <UniqueIdentifier>{74394124-7d35-4440-8404-7b478262b455}</UniqueIdentifier>
    </Filter>
    <Filter Include="kamataEngine\ヘッダー ファイル\scene">
      <UniqueIdentifier>{8f83101b-6ce3-4c73-a4d3-5052382dedab}</UniqueIdentifier>
    </Filter>
    <Filter Include="kamataEngine\ヘッダー ファイル\input">
      <UniqueIdentifier>{d461f61e-3cc4-4b11-b521-37a61c927ae5}</UniqueIdentifier>
    </Filter>
    <Filter Include="kamataEngine\ヘッダー ファイル\math">
      <UniqueIdentifier>{647f4977-924a-4954-923f-5619e5afc9a3}</UniqueIdentifier>
    </Filter>
    <Filter Include="kamataEngine\ソース ファイル">
      <UniqueIdentifier>{4FC737F1-C7A5-4376-A066-2A32D752A2FF}</UniqueIdentifier>
      <Extensions>cpp;c;cc;cxx;c++;cppm;ixx;def;odl;idl;hpj;bat;asm;asmx</Extensions>
    </Filter>
    <Filter Include="kamataEngine\ソース ファイル\base">
      <UniqueIdentifier>{551d5cf3-f4a6-49b9-832f-076a33cef817}</UniqueIdentifier>
    </Filter>
    <Filter Include="kamataEngine\ソース ファイル\scene">
      <UniqueIdentifier>{e2d0b4b8-24a1-4854-8e5b-bb6ed09f1add}</UniqueIdentifier>
    </Filter>
    <Filter Include="kamataEngine\ソース ファイル\input">
      <UniqueIdentifier>{337d978c-44b1-4af3-811b-c5f6f355f7de}</UniqueIdentifier>
    </Filter>
    <Filter Include="kamataEngine\ソース ファイル\math">
      <UniqueIdentifier>{4c21a99e-f783-4367-bdcb-0ebd1d434719}</UniqueIdentifier>
    </Filter>
    <Filter Include="kamataEngine\ソース ファイル\2d">
      <UniqueIdentifier>{814a0f6d-f847-4c45-856d-4688fa4c9e6c}</UniqueIdentifier>
    </Filter>
    <Filter Include="kamataEngine\シェーダー ファイル">
      <UniqueIdentifier>{718c7f4c-fc51-40ad-a221-b9456a7a1a3c}</UniqueIdentifier>
    </Filter>
    <Filter Include="asset\ゲームオブジェクト">
      <UniqueIdentifier>{c52d83b8-3735-4ffb-9112-7188dd94c78b}</UniqueIdentifier>
    </Filter>
    <Filter Include="asset\プロセス">
      <UniqueIdentifier>{5c6e83f8-8763-45e4-95dc-25fcce17192c}</UniqueIdentifier>
    </Filter>
    <Filter Include="asset\シーン">
      <UniqueIdentifier>{ca6daa9a-7937-4022-8fcb-29f87b66ff59}</UniqueIdentifier>
    </Filter>
    <Filter Include="asset\ゲームオブジェクト\player">
      <UniqueIdentifier>{d0dd7b97-e92e-45d7-9d20-3016c3df3eb2}</UniqueIdentifier>
    </Filter>
    <Filter Include="asset\ゲームオブジェクト\enemy">
      <UniqueIdentifier>{ce443c2a-34ff-4be3-9b42-effca877c8dc}</UniqueIdentifier>
    </Filter>
    <Filter Include="asset\プロセス\math">
      <UniqueIdentifier>{879c5be8-28e3-456b-8736-ebd20aef0f2b}</UniqueIdentifier>
    </Filter>
    <Filter Include="asset\プロセス\command">
      <UniqueIdentifier>{6a94c590-57e3-4b4b-ac72-a37d52a1c31d}</UniqueIdentifier>
    </Filter>
    <Filter Include="asset\ゲームオブジェクト\player\particle">
      <UniqueIdentifier>{798530ba-733a-476d-8c57-74a005f2a3d6}</UniqueIdentifier>
    </Filter>
  </ItemGroup>
  <ItemGroup>
    <ClCompile Include="base\DirectXCommon.cpp">
      <Filter>kamataEngine\ソース ファイル\base</Filter>
    </ClCompile>
    <ClCompile Include="base\WinApp.cpp">
      <Filter>kamataEngine\ソース ファイル\base</Filter>
    </ClCompile>
    <ClCompile Include="2d\ImGuiManager.cpp">
      <Filter>kamataEngine\ソース ファイル\2d</Filter>
    </ClCompile>
    <ClCompile Include="3d\WorldTransform.cpp">
      <Filter>kamataEngine\ソース ファイル</Filter>
    </ClCompile>
    <ClCompile Include="main.cpp">
      <Filter>asset</Filter>
    </ClCompile>
    <ClCompile Include="asset\math\collision\Collision.cpp">
      <Filter>asset\プロセス</Filter>
    </ClCompile>
    <ClCompile Include="asset\create\Create.cpp">
      <Filter>asset\プロセス</Filter>
    </ClCompile>
    <ClCompile Include="asset\failLoad\CSVFailLoading.cpp">
      <Filter>asset\プロセス</Filter>
    </ClCompile>
    <ClCompile Include="asset\scene\game\GameScene.cpp">
      <Filter>asset\シーン</Filter>
    </ClCompile>
    <ClCompile Include="asset\gameObject\camera\RailCamera.cpp">
      <Filter>asset\ゲームオブジェクト</Filter>
    </ClCompile>
    <ClCompile Include="asset\gameObject\player\Player.cpp">
      <Filter>asset\ゲームオブジェクト\player</Filter>
    </ClCompile>
    <ClCompile Include="asset\gameObject\enemy\Enemy.cpp">
      <Filter>asset\ゲームオブジェクト\enemy</Filter>
    </ClCompile>
    <ClCompile Include="asset\gameObject\enemy\statePattern\state\EnemyState.cpp">
      <Filter>asset\ゲームオブジェクト\enemy</Filter>
    </ClCompile>
    <ClCompile Include="asset\gameObject\player\playerParts\PlayerParts.cpp">
      <Filter>asset\ゲームオブジェクト\player</Filter>
    </ClCompile>
    <ClCompile Include="asset\gameObject\skydome\SkyDome.cpp">
      <Filter>asset\ゲームオブジェクト</Filter>
    </ClCompile>
    <ClCompile Include="asset\gameObject\fade\Fade.cpp">
      <Filter>asset\ゲームオブジェクト</Filter>
    </ClCompile>
    <ClCompile Include="asset\scene\title\TitleScene.cpp">
      <Filter>asset\シーン</Filter>
    </ClCompile>
    <ClCompile Include="asset\gameObject\player\playerParts\titleAnimation\TitleAnimation.cpp">
      <Filter>asset\プロセス</Filter>
    </ClCompile>
    <ClCompile Include="asset\math\Aithmetic.cpp">
      <Filter>asset\プロセス\math</Filter>
    </ClCompile>
    <ClCompile Include="asset\math\Math.cpp">
      <Filter>asset\プロセス\math</Filter>
    </ClCompile>
    <ClCompile Include="asset\gameObject\player\command\ICommand.cpp">
      <Filter>asset\プロセス\command</Filter>
    </ClCompile>
    <ClCompile Include="asset\gameObject\player\command\InputHandler.cpp">
      <Filter>asset\プロセス\command</Filter>
    </ClCompile>
    <ClCompile Include="asset\math\easing\Easing.cpp">
      <Filter>asset\プロセス</Filter>
    </ClCompile>
    <ClCompile Include="asset\gameObject\score\Score.cpp">
      <Filter>asset\ゲームオブジェクト</Filter>
    </ClCompile>
    <ClCompile Include="asset\math\easing\Easing.cpp">
      <Filter>asset\プロセス</Filter>
    </ClCompile>
    <ClCompile Include="asset\gameObject\player\patricle\DeathParticles.cpp">
      <Filter>asset\ゲームオブジェクト\player\particle</Filter>
    </ClCompile>
    <ClCompile Include="asset\gameObject\hp\Hp.cpp">
      <Filter>asset\ゲームオブジェクト</Filter>
    </ClCompile>
    <ClCompile Include="asset\gameObject\warp\Warp.cpp">
      <Filter>asset\ゲームオブジェクト</Filter>
    </ClCompile>
    <ClCompile Include="asset\gameObject\enemy\parent\EnemyParent.cpp">
      <Filter>asset\ゲームオブジェクト\enemy</Filter>
    </ClCompile>
    <ClCompile Include="asset\scene\title\select\Select.cpp">
      <Filter>asset\シーン</Filter>
    </ClCompile>
    <ClCompile Include="asset\gameObject\hp\Hp.cpp">
      <Filter>asset\ゲームオブジェクト</Filter>
    </ClCompile>
    <ClCompile Include="asset\gameObject\titleFont\TitleFont.cpp">
      <Filter>asset\ゲームオブジェクト</Filter>
    </ClCompile>
    <ClCompile Include="asset\gameObject\titleFont\buttom\SelectButton.cpp">
      <Filter>asset\ゲームオブジェクト</Filter>
    </ClCompile>
    <ClCompile Include="asset\gameObject\titleFont\buttom\ISelectButton.cpp">
      <Filter>kamataEngine\ソース ファイル</Filter>
    </ClCompile>
  </ItemGroup>
  <ItemGroup>
    <ClInclude Include="3d\ViewProjection.h">
      <Filter>kamataEngine\ヘッダー ファイル\3d</Filter>
    </ClInclude>
    <ClInclude Include="3d\WorldTransform.h">
      <Filter>kamataEngine\ヘッダー ファイル\3d</Filter>
    </ClInclude>
    <ClInclude Include="3d\CircleShadow.h">
      <Filter>kamataEngine\ヘッダー ファイル\3d</Filter>
    </ClInclude>
    <ClInclude Include="3d\DebugCamera.h">
      <Filter>kamataEngine\ヘッダー ファイル\3d</Filter>
    </ClInclude>
    <ClInclude Include="3d\DirectionalLight.h">
      <Filter>kamataEngine\ヘッダー ファイル\3d</Filter>
    </ClInclude>
    <ClInclude Include="3d\LightGroup.h">
      <Filter>kamataEngine\ヘッダー ファイル\3d</Filter>
    </ClInclude>
    <ClInclude Include="3d\Material.h">
      <Filter>kamataEngine\ヘッダー ファイル\3d</Filter>
    </ClInclude>
    <ClInclude Include="3d\Model.h">
      <Filter>kamataEngine\ヘッダー ファイル\3d</Filter>
    </ClInclude>
    <ClInclude Include="3d\Mesh.h">
      <Filter>kamataEngine\ヘッダー ファイル\3d</Filter>
    </ClInclude>
    <ClInclude Include="3d\PointLight.h">
      <Filter>kamataEngine\ヘッダー ファイル\3d</Filter>
    </ClInclude>
    <ClInclude Include="3d\SpotLight.h">
      <Filter>kamataEngine\ヘッダー ファイル\3d</Filter>
    </ClInclude>
    <ClInclude Include="2d\Sprite.h">
      <Filter>kamataEngine\ヘッダー ファイル\2d</Filter>
    </ClInclude>
    <ClInclude Include="audio\Audio.h">
      <Filter>kamataEngine\ヘッダー ファイル\audo</Filter>
    </ClInclude>
    <ClInclude Include="base\DirectXCommon.h">
      <Filter>kamataEngine\ヘッダー ファイル\base</Filter>
    </ClInclude>
    <ClInclude Include="base\TextureManager.h">
      <Filter>kamataEngine\ヘッダー ファイル\base</Filter>
    </ClInclude>
    <ClInclude Include="base\WinApp.h">
      <Filter>kamataEngine\ヘッダー ファイル\base</Filter>
    </ClInclude>
    <ClInclude Include="input\Input.h">
      <Filter>kamataEngine\ヘッダー ファイル\input</Filter>
    </ClInclude>
    <ClInclude Include="math\Matrix4x4.h">
      <Filter>kamataEngine\ヘッダー ファイル\math</Filter>
    </ClInclude>
    <ClInclude Include="math\Vector3.h">
      <Filter>kamataEngine\ヘッダー ファイル\math</Filter>
    </ClInclude>
    <ClInclude Include="math\Vector2.h">
      <Filter>kamataEngine\ヘッダー ファイル\math</Filter>
    </ClInclude>
    <ClInclude Include="math\Vector4.h">
      <Filter>kamataEngine\ヘッダー ファイル\math</Filter>
    </ClInclude>
    <ClInclude Include="3d\AxisIndicator.h">
      <Filter>kamataEngine\ヘッダー ファイル\3d</Filter>
    </ClInclude>
    <ClInclude Include="3d\PrimitiveDrawer.h">
      <Filter>kamataEngine\ヘッダー ファイル\3d</Filter>
    </ClInclude>
    <ClInclude Include="3d\Terrain.h">
      <Filter>kamataEngine\ヘッダー ファイル\3d</Filter>
    </ClInclude>
    <ClInclude Include="3d\TerrainCommon.h">
      <Filter>kamataEngine\ヘッダー ファイル\3d</Filter>
    </ClInclude>
    <ClInclude Include="2d\ImGuiManager.h">
      <Filter>kamataEngine\ヘッダー ファイル\2d</Filter>
    </ClInclude>
    <ClInclude Include="base\StringUtility.h">
      <Filter>kamataEngine\ヘッダー ファイル\base</Filter>
    </ClInclude>
    <ClInclude Include="3d\ObjectColor.h">
      <Filter>kamataEngine\ヘッダー ファイル\3d</Filter>
    </ClInclude>
    <ClInclude Include="asset\math\collision\Collision.h">
      <Filter>asset\プロセス</Filter>
    </ClInclude>
    <ClInclude Include="asset\create\Create.h">
      <Filter>asset\プロセス</Filter>
    </ClInclude>
    <ClInclude Include="asset\failLoad\CSVFailLoading.h">
      <Filter>asset\プロセス</Filter>
    </ClInclude>
    <ClInclude Include="asset\scene\game\GameScene.h">
      <Filter>asset\シーン</Filter>
    </ClInclude>
    <ClInclude Include="asset\gameObject\camera\RailCamera.h">
      <Filter>asset\ゲームオブジェクト</Filter>
    </ClInclude>
    <ClInclude Include="asset\gameObject\player\Player.h">
      <Filter>asset\ゲームオブジェクト\player</Filter>
    </ClInclude>
    <ClInclude Include="asset\gameObject\enemy\Enemy.h">
      <Filter>asset\ゲームオブジェクト\enemy</Filter>
    </ClInclude>
    <ClInclude Include="asset\gameObject\enemy\statePattern\state\EnemyState.h">
      <Filter>asset\ゲームオブジェクト\enemy</Filter>
    </ClInclude>
    <ClInclude Include="asset\gameObject\enemy\statePattern\IEnemyState.h">
      <Filter>asset\ゲームオブジェクト\enemy</Filter>
    </ClInclude>
    <ClInclude Include="asset\gameObject\player\playerParts\IPlayerParts.h">
      <Filter>asset\ゲームオブジェクト\player</Filter>
    </ClInclude>
    <ClInclude Include="asset\gameObject\player\playerParts\PlayerParts.h">
      <Filter>asset\ゲームオブジェクト\player</Filter>
    </ClInclude>
    <ClInclude Include="asset\gameObject\skydome\SkyDome.h">
      <Filter>asset\ゲームオブジェクト</Filter>
    </ClInclude>
    <ClInclude Include="asset\gameObject\fade\Fade.h">
      <Filter>asset\ゲームオブジェクト</Filter>
    </ClInclude>
    <ClInclude Include="asset\scene\title\TitleScene.h">
      <Filter>asset\シーン</Filter>
    </ClInclude>
    <ClInclude Include="asset\gameObject\player\playerParts\titleAnimation\TitleAnimation.h">
      <Filter>asset\プロセス</Filter>
    </ClInclude>
    <ClInclude Include="asset\math\Aithmetic.h">
      <Filter>asset\プロセス\math</Filter>
    </ClInclude>
    <ClInclude Include="asset\math\Math.h">
      <Filter>asset\プロセス\math</Filter>
    </ClInclude>
    <ClInclude Include="asset\gameObject\player\command\ICommand.h">
      <Filter>asset\プロセス\command</Filter>
    </ClInclude>
    <ClInclude Include="asset\gameObject\player\command\InputHandler.h">
      <Filter>asset\プロセス\command</Filter>
    </ClInclude>
    <ClInclude Include="asset\math\easing\Easing.h">
      <Filter>asset\プロセス</Filter>
    </ClInclude>
    <ClInclude Include="asset\gameObject\score\Score.h">
      <Filter>asset\ゲームオブジェクト</Filter>
    </ClInclude>
    <ClInclude Include="asset\math\easing\Easing.h">
      <Filter>asset\プロセス</Filter>
    </ClInclude>
    <ClInclude Include="asset\gameObject\hp\Hp.h">
      <Filter>asset\ゲームオブジェクト</Filter>
    </ClInclude>
    <ClInclude Include="asset\gameObject\warp\Warp.h">
      <Filter>asset\ゲームオブジェクト</Filter>
    </ClInclude>
    <ClInclude Include="asset\gameObject\enemy\parent\EnemyParent.h">
      <Filter>asset\ゲームオブジェクト\enemy</Filter>
    </ClInclude>
    <ClInclude Include="asset\gameObject\hp\Hp.h">
      <Filter>kamataEngine\ヘッダー ファイル</Filter>
    </ClInclude>
    <ClInclude Include="asset\gameObject\player\patricle\IDeathParticle.h">
      <Filter>asset\ゲームオブジェクト\player\particle</Filter>
    </ClInclude>
    <ClInclude Include="asset\gameObject\player\patricle\DeathParticles.h">
      <Filter>asset\ゲームオブジェクト\player\particle</Filter>
    </ClInclude>
    <ClInclude Include="asset\scene\title\select\Select.h">
      <Filter>asset\シーン</Filter>
    </ClInclude>
    <ClInclude Include="asset\gameObject\titleFont\TitleFont.h">
      <Filter>asset\ゲームオブジェクト</Filter>
    </ClInclude>
    <ClInclude Include="asset\gameObject\titleFont\buttom\SelectButton.h">
      <Filter>asset\ゲームオブジェクト</Filter>
    </ClInclude>
    <ClInclude Include="asset\gameObject\titleFont\buttom\ISelectButton.h">
      <Filter>asset\ゲームオブジェクト</Filter>
    </ClInclude>
  </ItemGroup>
  <ItemGroup>
    <FxCompile Include="Resources\shaders\SpritePS.hlsl">
      <Filter>kamataEngine\シェーダー ファイル</Filter>
    </FxCompile>
    <FxCompile Include="Resources\shaders\SpriteVS.hlsl">
      <Filter>kamataEngine\シェーダー ファイル</Filter>
    </FxCompile>
    <FxCompile Include="Resources\shaders\ShapeVS.hlsl">
      <Filter>kamataEngine\シェーダー ファイル</Filter>
    </FxCompile>
    <FxCompile Include="Resources\shaders\ShapePS.hlsl">
      <Filter>kamataEngine\シェーダー ファイル</Filter>
    </FxCompile>
    <FxCompile Include="Resources\shaders\ObjPS.hlsl">
      <Filter>kamataEngine\シェーダー ファイル</Filter>
    </FxCompile>
    <FxCompile Include="Resources\shaders\ObjVS.hlsl">
      <Filter>kamataEngine\シェーダー ファイル</Filter>
    </FxCompile>
    <FxCompile Include="Resources\shaders\PrimitivePS.hlsl">
      <Filter>kamataEngine\シェーダー ファイル</Filter>
    </FxCompile>
    <FxCompile Include="Resources\shaders\PrimitiveVS.hlsl">
      <Filter>kamataEngine\シェーダー ファイル</Filter>
    </FxCompile>
    <FxCompile Include="Resources\shaders\TerrainPS.hlsl">
      <Filter>kamataEngine\シェーダー ファイル</Filter>
    </FxCompile>
    <FxCompile Include="Resources\shaders\TerrainVS.hlsl">
      <Filter>kamataEngine\シェーダー ファイル</Filter>
    </FxCompile>
  </ItemGroup>
  <ItemGroup>
    <None Include="Resources\shaders\Sprite.hlsli">
      <Filter>kamataEngine\シェーダー ファイル</Filter>
    </None>
    <None Include="Resources\shaders\Shape.hlsli">
      <Filter>kamataEngine\シェーダー ファイル</Filter>
    </None>
    <None Include="Resources\shaders\Obj.hlsli">
      <Filter>kamataEngine\シェーダー ファイル</Filter>
    </None>
    <None Include="Resources\shaders\Primitive.hlsli">
      <Filter>kamataEngine\シェーダー ファイル</Filter>
    </None>
    <None Include="Resources\shaders\Terrain.hlsli">
      <Filter>kamataEngine\シェーダー ファイル</Filter>
    </None>
  </ItemGroup>
</Project>